
Microsoft Visual Studio Solution File, Format Version 12.00
# Visual Studio Version 16
VisualStudioVersion = 16.0.30114.105
MinimumVisualStudioVersion = 10.0.40219.1
Project("{FAE04EC0-301F-11D3-BF4B-00C04F79EFBC}") = "TestApp", "TestApp\TestApp.csproj", "{715594F9-DF40-40AC-8B55-22EE062EF700}"
EndProject
Project("{FAE04EC0-301F-11D3-BF4B-00C04F79EFBC}") = "WebWindowNetCore", "WebWindowNetCore\WebWindowNetCore.csproj", "{E7FFE92B-0541-4260-A6FE-055C10C7D965}"
EndProject
Project("{2150E333-8FDC-42A3-9474-1A3956D46DE8}") = "Native", "Native", "{6E588D1F-7E6F-4A49-A142-9A78184C800B}"
EndProject
Global
	GlobalSection(SolutionConfigurationPlatforms) = preSolution
		Debug|Any CPU = Debug|Any CPU
		Release|Any CPU = Release|Any CPU
	EndGlobalSection
	GlobalSection(SolutionProperties) = preSolution
		HideSolutionNode = FALSE
	EndGlobalSection
	GlobalSection(ProjectConfigurationPlatforms) = postSolution
		{715594F9-DF40-40AC-8B55-22EE062EF700}.Debug|Any CPU.ActiveCfg = Debug|Any CPU
		{715594F9-DF40-40AC-8B55-22EE062EF700}.Debug|Any CPU.Build.0 = Debug|Any CPU
		{715594F9-DF40-40AC-8B55-22EE062EF700}.Release|Any CPU.ActiveCfg = Release|Any CPU
		{715594F9-DF40-40AC-8B55-22EE062EF700}.Release|Any CPU.Build.0 = Release|Any CPU
		{E7FFE92B-0541-4260-A6FE-055C10C7D965}.Debug|Any CPU.ActiveCfg = Debug|Any CPU
		{E7FFE92B-0541-4260-A6FE-055C10C7D965}.Debug|Any CPU.Build.0 = Debug|Any CPU
		{E7FFE92B-0541-4260-A6FE-055C10C7D965}.Release|Any CPU.ActiveCfg = Release|Any CPU
		{E7FFE92B-0541-4260-A6FE-055C10C7D965}.Release|Any CPU.Build.0 = Release|Any CPU
	EndGlobalSection
EndGlobal
