
Microsoft Visual Studio Solution File, Format Version 12.00
# Visual Studio Version 17
VisualStudioVersion = 17.10.35013.160
MinimumVisualStudioVersion = 10.0.40219.1
Project("{9A19103F-16F7-4668-BE54-9A1E7A4F7556}") = "TestApp", "TestApp\TestApp.csproj", "{715594F9-DF40-40AC-8B55-22EE062EF700}"
EndProject
Project("{FAE04EC0-301F-11D3-BF4B-00C04F79EFBC}") = "TestAppNative", "TestAppNative\TestAppNative.csproj", "{17604F0A-89C2-4D45-9D38-6472F0277049}"
EndProject
Project("{FAE04EC0-301F-11D3-BF4B-00C04F79EFBC}") = "WebWindowNetCore", "WebWindowNetCore\WebWindowNetCore.csproj", "{6E706598-1415-411F-8B4D-DBE8E6312B53}"
EndProject
Global
	GlobalSection(SolutionConfigurationPlatforms) = preSolution
		Debug|Any CPU = Debug|Any CPU
		Release|Any CPU = Release|Any CPU
	EndGlobalSection
	GlobalSection(ProjectConfigurationPlatforms) = postSolution
		{715594F9-DF40-40AC-8B55-22EE062EF700}.Debug|Any CPU.ActiveCfg = Debug|Any CPU
		{715594F9-DF40-40AC-8B55-22EE062EF700}.Debug|Any CPU.Build.0 = Debug|Any CPU
		{715594F9-DF40-40AC-8B55-22EE062EF700}.Release|Any CPU.ActiveCfg = Release|Any CPU
		{715594F9-DF40-40AC-8B55-22EE062EF700}.Release|Any CPU.Build.0 = Release|Any CPU
		{17604F0A-89C2-4D45-9D38-6472F0277049}.Debug|Any CPU.ActiveCfg = Debug|Any CPU
		{17604F0A-89C2-4D45-9D38-6472F0277049}.Debug|Any CPU.Build.0 = Debug|Any CPU
		{17604F0A-89C2-4D45-9D38-6472F0277049}.Release|Any CPU.ActiveCfg = Release|Any CPU
		{17604F0A-89C2-4D45-9D38-6472F0277049}.Release|Any CPU.Build.0 = Release|Any CPU
		{6E706598-1415-411F-8B4D-DBE8E6312B53}.Debug|Any CPU.ActiveCfg = Debug|Any CPU
		{6E706598-1415-411F-8B4D-DBE8E6312B53}.Debug|Any CPU.Build.0 = Debug|Any CPU
		{6E706598-1415-411F-8B4D-DBE8E6312B53}.Release|Any CPU.ActiveCfg = Release|Any CPU
		{6E706598-1415-411F-8B4D-DBE8E6312B53}.Release|Any CPU.Build.0 = Release|Any CPU
	EndGlobalSection
	GlobalSection(SolutionProperties) = preSolution
		HideSolutionNode = FALSE
	EndGlobalSection
EndGlobal
